
Microsoft Visual Studio Solution File, Format Version 11.00
# Visual Studio 2010
Project("{2150E333-8FDC-42A3-9474-1A3956D46DE8}") = "Solution Items", "Solution Items", "{19886A1A-1E6E-48F9-B77A-799857676AB2}"
	ProjectSection(SolutionItems) = preProject
		ClientCode.vsmdi = ClientCode.vsmdi
		Local.testsettings = Local.testsettings
		TraceAndTestImpact.testsettings = TraceAndTestImpact.testsettings
	EndProjectSection
EndProject
Project("{FAE04EC0-301F-11D3-BF4B-00C04F79EFBC}") = "ClientCode", "ClientCode\ClientCode.csproj", "{344C2C6C-BD12-436E-A490-0ABD0E3C131D}"
EndProject
Project("{FAE04EC0-301F-11D3-BF4B-00C04F79EFBC}") = "ClientCode.Test", "ClientCode.Test\ClientCode.Test.csproj", "{3CC14A2F-D6C8-4145-AFC3-94D7C4E39732}"
EndProject
Project("{FAE04EC0-301F-11D3-BF4B-00C04F79EFBC}") = "ClientCode.UnitTest", "ClientCode.UnitTest\ClientCode.UnitTest.csproj", "{3225BB8B-4807-44B3-86E6-0FDBC2AF94A4}"
EndProject
Global
	GlobalSection(TestCaseManagementSettings) = postSolution
		CategoryFile = ClientCode.vsmdi
	EndGlobalSection
	GlobalSection(SolutionConfigurationPlatforms) = preSolution
		Debug|Any CPU = Debug|Any CPU
		Debug|x86 = Debug|x86
		Release|Any CPU = Release|Any CPU
		Release|x86 = Release|x86
	EndGlobalSection
	GlobalSection(ProjectConfigurationPlatforms) = postSolution
		{344C2C6C-BD12-436E-A490-0ABD0E3C131D}.Debug|Any CPU.ActiveCfg = Debug|Any CPU
		{344C2C6C-BD12-436E-A490-0ABD0E3C131D}.Debug|Any CPU.Build.0 = Debug|Any CPU
		{344C2C6C-BD12-436E-A490-0ABD0E3C131D}.Debug|x86.ActiveCfg = Debug|x86
		{344C2C6C-BD12-436E-A490-0ABD0E3C131D}.Debug|x86.Build.0 = Debug|x86
		{344C2C6C-BD12-436E-A490-0ABD0E3C131D}.Release|Any CPU.ActiveCfg = Release|Any CPU
		{344C2C6C-BD12-436E-A490-0ABD0E3C131D}.Release|Any CPU.Build.0 = Release|Any CPU
		{344C2C6C-BD12-436E-A490-0ABD0E3C131D}.Release|x86.ActiveCfg = Release|x86
		{344C2C6C-BD12-436E-A490-0ABD0E3C131D}.Release|x86.Build.0 = Release|x86
		{3CC14A2F-D6C8-4145-AFC3-94D7C4E39732}.Debug|Any CPU.ActiveCfg = Debug|Any CPU
		{3CC14A2F-D6C8-4145-AFC3-94D7C4E39732}.Debug|Any CPU.Build.0 = Debug|Any CPU
		{3CC14A2F-D6C8-4145-AFC3-94D7C4E39732}.Debug|x86.ActiveCfg = Debug|x86
		{3CC14A2F-D6C8-4145-AFC3-94D7C4E39732}.Debug|x86.Build.0 = Debug|x86
		{3CC14A2F-D6C8-4145-AFC3-94D7C4E39732}.Release|Any CPU.ActiveCfg = Release|Any CPU
		{3CC14A2F-D6C8-4145-AFC3-94D7C4E39732}.Release|Any CPU.Build.0 = Release|Any CPU
		{3CC14A2F-D6C8-4145-AFC3-94D7C4E39732}.Release|x86.ActiveCfg = Release|x86
		{3CC14A2F-D6C8-4145-AFC3-94D7C4E39732}.Release|x86.Build.0 = Release|x86
		{3225BB8B-4807-44B3-86E6-0FDBC2AF94A4}.Debug|Any CPU.ActiveCfg = Debug|Any CPU
		{3225BB8B-4807-44B3-86E6-0FDBC2AF94A4}.Debug|Any CPU.Build.0 = Debug|Any CPU
		{3225BB8B-4807-44B3-86E6-0FDBC2AF94A4}.Debug|x86.ActiveCfg = Debug|Any CPU
		{3225BB8B-4807-44B3-86E6-0FDBC2AF94A4}.Release|Any CPU.ActiveCfg = Release|Any CPU
		{3225BB8B-4807-44B3-86E6-0FDBC2AF94A4}.Release|Any CPU.Build.0 = Release|Any CPU
		{3225BB8B-4807-44B3-86E6-0FDBC2AF94A4}.Release|x86.ActiveCfg = Release|Any CPU
	EndGlobalSection
	GlobalSection(SolutionProperties) = preSolution
		HideSolutionNode = FALSE
	EndGlobalSection
EndGlobal
